
Microsoft Visual Studio Solution File, Format Version 12.00
# Visual Studio Version 16
VisualStudioVersion = 16.0.29503.13
MinimumVisualStudioVersion = 10.0.40219.1
Project("{9A19103F-16F7-4668-BE54-9A1E7A4F7556}") = "Day1", "Day1\Day1.csproj", "{991B7813-7D27-4BD2-AF53-60898AD825BF}"
EndProject
Project("{6EC3EE1D-3C4E-46DD-8F32-0CC8E7565705}") = "Day2", "Day2\Day2.fsproj", "{02C11605-998A-4335-8BAE-26088E1CB26E}"
EndProject
Project("{2150E333-8FDC-42A3-9474-1A3956D46DE8}") = "Solution Items", "Solution Items", "{58B13032-CDC9-479F-BC75-8B8AA30C0795}"
	ProjectSection(SolutionItems) = preProject
		.editorconfig = .editorconfig
		build.cake = build.cake
		README.md = README.md
	EndProjectSection
EndProject
Project("{6EC3EE1D-3C4E-46DD-8F32-0CC8E7565705}") = "Day2.Tests", "Day2.Tests\Day2.Tests.fsproj", "{2E574999-DE98-45CD-AC08-3322D4397F81}"
EndProject
Project("{9A19103F-16F7-4668-BE54-9A1E7A4F7556}") = "Day3", "Day3\Day3.csproj", "{C36ABAB8-1E72-44A3-80D2-C3C633137EDF}"
EndProject
Project("{9A19103F-16F7-4668-BE54-9A1E7A4F7556}") = "Day3.Tests", "Day3.Tests\Day3.Tests.csproj", "{BF20EB41-645A-4806-9621-2C7A2270B05B}"
EndProject
Project("{9A19103F-16F7-4668-BE54-9A1E7A4F7556}") = "Common", "Common\Common.csproj", "{A9326462-E8CB-4E2C-95E8-F4AA04A065F3}"
EndProject
Project("{9A19103F-16F7-4668-BE54-9A1E7A4F7556}") = "Day4", "Day4\Day4.csproj", "{B03A5803-B0D7-43C3-A0EF-0FF174B528C4}"
EndProject
Project("{9A19103F-16F7-4668-BE54-9A1E7A4F7556}") = "Day4.Tests", "Day4.Tests\Day4.Tests.csproj", "{68E1AEE6-2879-403C-AEC2-A50A83A7C3BE}"
EndProject
Project("{9A19103F-16F7-4668-BE54-9A1E7A4F7556}") = "Day5", "Day5\Day5.csproj", "{2B11B706-A23A-45C2-AD88-145C7B10532D}"
EndProject
Project("{9A19103F-16F7-4668-BE54-9A1E7A4F7556}") = "Day5.Tests", "Day5.Tests\Day5.Tests.csproj", "{9DBEDBDC-AA2B-4E2F-8D85-DB602C1CFFF5}"
EndProject
Project("{9A19103F-16F7-4668-BE54-9A1E7A4F7556}") = "Day6", "Day6\Day6.csproj", "{03E6E2BE-04F5-40A7-80CD-1FCCD3155FC0}"
EndProject
Project("{9A19103F-16F7-4668-BE54-9A1E7A4F7556}") = "Day6.Tests", "Day6.Tests\Day6.Tests.csproj", "{91D2E315-0DA0-40F2-BAC0-3E4DC73D8D59}"
EndProject
Project("{9A19103F-16F7-4668-BE54-9A1E7A4F7556}") = "Day7", "Day7\Day7.csproj", "{B45D8ED1-3585-4312-BF30-1A90AB3D6F02}"
EndProject
Project("{9A19103F-16F7-4668-BE54-9A1E7A4F7556}") = "Day7.Tests", "Day7.Tests\Day7.Tests.csproj", "{63E13663-0C13-48B2-96FF-0CA2E24F78A4}"
EndProject
Project("{9A19103F-16F7-4668-BE54-9A1E7A4F7556}") = "Day8", "Day8\Day8.csproj", "{9DF07854-F9AF-4D17-B647-5E27432B1CCB}"
EndProject
Project("{9A19103F-16F7-4668-BE54-9A1E7A4F7556}") = "Day8.Tests", "Day8.Tests\Day8.Tests.csproj", "{77AEFBB3-3CC0-4C3F-BF3E-33A72A6CE0FA}"
EndProject
Project("{9A19103F-16F7-4668-BE54-9A1E7A4F7556}") = "Common.Tests", "Common.Tests\Common.Tests.csproj", "{3C96CF18-4E5E-4214-A7C8-48D1AAB23B84}"
EndProject
Project("{9A19103F-16F7-4668-BE54-9A1E7A4F7556}") = "Day1.Tests", "Day1.Tests\Day1.Tests.csproj", "{A5D409F3-62AF-4867-8C60-CA1B4C259130}"
EndProject
Project("{9A19103F-16F7-4668-BE54-9A1E7A4F7556}") = "Day9", "Day9\Day9.csproj", "{94A5E911-667E-4FDE-A992-775C058BF19E}"
EndProject
Project("{9A19103F-16F7-4668-BE54-9A1E7A4F7556}") = "Day9.Tests", "Day9.Tests\Day9.Tests.csproj", "{F4ED06FA-AB94-43AD-943B-303F8E1908DE}"
EndProject
Project("{9A19103F-16F7-4668-BE54-9A1E7A4F7556}") = "Day10", "Day10\Day10.csproj", "{EB6960AA-F80B-4832-B0BA-8F5E4CD639B7}"
EndProject
Project("{9A19103F-16F7-4668-BE54-9A1E7A4F7556}") = "Day10.Tests", "Day10.Tests\Day10.Tests.csproj", "{040AC7B4-A5AE-4CF5-A19F-BFAE900F6B7A}"
EndProject
Project("{9A19103F-16F7-4668-BE54-9A1E7A4F7556}") = "Day11", "Day11\Day11.csproj", "{9BF99406-D88A-440D-A4D5-6E939E618F3E}"
EndProject
Project("{9A19103F-16F7-4668-BE54-9A1E7A4F7556}") = "Day11.Tests", "Day11.Tests\Day11.Tests.csproj", "{4B569BF3-C7F2-416E-B27C-9CDE2872BBB6}"
EndProject
Project("{9A19103F-16F7-4668-BE54-9A1E7A4F7556}") = "Day12", "Day12\Day12.csproj", "{5BEC1EE2-10AD-4476-997E-8761F6A6F59A}"
EndProject
Project("{9A19103F-16F7-4668-BE54-9A1E7A4F7556}") = "Day12.Tests", "Day12.Tests\Day12.Tests.csproj", "{D8470146-6B63-4607-AFD7-C12C3A019AFE}"
EndProject
Project("{9A19103F-16F7-4668-BE54-9A1E7A4F7556}") = "Day13", "Day13\Day13.csproj", "{7EC11A69-E146-4BCB-853C-6D95DB4C1C17}"
EndProject
Project("{9A19103F-16F7-4668-BE54-9A1E7A4F7556}") = "Day13.Tests", "Day13.Tests\Day13.Tests.csproj", "{E55A2E8D-6DD5-48BE-85F9-42AD8722E95E}"
EndProject
Global
	GlobalSection(SolutionConfigurationPlatforms) = preSolution
		Debug|Any CPU = Debug|Any CPU
		Release|Any CPU = Release|Any CPU
	EndGlobalSection
	GlobalSection(ProjectConfigurationPlatforms) = postSolution
		{991B7813-7D27-4BD2-AF53-60898AD825BF}.Debug|Any CPU.ActiveCfg = Debug|Any CPU
		{991B7813-7D27-4BD2-AF53-60898AD825BF}.Debug|Any CPU.Build.0 = Debug|Any CPU
		{991B7813-7D27-4BD2-AF53-60898AD825BF}.Release|Any CPU.ActiveCfg = Release|Any CPU
		{991B7813-7D27-4BD2-AF53-60898AD825BF}.Release|Any CPU.Build.0 = Release|Any CPU
		{02C11605-998A-4335-8BAE-26088E1CB26E}.Debug|Any CPU.ActiveCfg = Debug|Any CPU
		{02C11605-998A-4335-8BAE-26088E1CB26E}.Debug|Any CPU.Build.0 = Debug|Any CPU
		{02C11605-998A-4335-8BAE-26088E1CB26E}.Release|Any CPU.ActiveCfg = Release|Any CPU
		{02C11605-998A-4335-8BAE-26088E1CB26E}.Release|Any CPU.Build.0 = Release|Any CPU
		{2E574999-DE98-45CD-AC08-3322D4397F81}.Debug|Any CPU.ActiveCfg = Debug|Any CPU
		{2E574999-DE98-45CD-AC08-3322D4397F81}.Debug|Any CPU.Build.0 = Debug|Any CPU
		{2E574999-DE98-45CD-AC08-3322D4397F81}.Release|Any CPU.ActiveCfg = Release|Any CPU
		{2E574999-DE98-45CD-AC08-3322D4397F81}.Release|Any CPU.Build.0 = Release|Any CPU
		{C36ABAB8-1E72-44A3-80D2-C3C633137EDF}.Debug|Any CPU.ActiveCfg = Debug|Any CPU
		{C36ABAB8-1E72-44A3-80D2-C3C633137EDF}.Debug|Any CPU.Build.0 = Debug|Any CPU
		{C36ABAB8-1E72-44A3-80D2-C3C633137EDF}.Release|Any CPU.ActiveCfg = Release|Any CPU
		{C36ABAB8-1E72-44A3-80D2-C3C633137EDF}.Release|Any CPU.Build.0 = Release|Any CPU
		{BF20EB41-645A-4806-9621-2C7A2270B05B}.Debug|Any CPU.ActiveCfg = Debug|Any CPU
		{BF20EB41-645A-4806-9621-2C7A2270B05B}.Debug|Any CPU.Build.0 = Debug|Any CPU
		{BF20EB41-645A-4806-9621-2C7A2270B05B}.Release|Any CPU.ActiveCfg = Release|Any CPU
		{BF20EB41-645A-4806-9621-2C7A2270B05B}.Release|Any CPU.Build.0 = Release|Any CPU
		{A9326462-E8CB-4E2C-95E8-F4AA04A065F3}.Debug|Any CPU.ActiveCfg = Debug|Any CPU
		{A9326462-E8CB-4E2C-95E8-F4AA04A065F3}.Debug|Any CPU.Build.0 = Debug|Any CPU
		{A9326462-E8CB-4E2C-95E8-F4AA04A065F3}.Release|Any CPU.ActiveCfg = Release|Any CPU
		{A9326462-E8CB-4E2C-95E8-F4AA04A065F3}.Release|Any CPU.Build.0 = Release|Any CPU
		{B03A5803-B0D7-43C3-A0EF-0FF174B528C4}.Debug|Any CPU.ActiveCfg = Debug|Any CPU
		{B03A5803-B0D7-43C3-A0EF-0FF174B528C4}.Debug|Any CPU.Build.0 = Debug|Any CPU
		{B03A5803-B0D7-43C3-A0EF-0FF174B528C4}.Release|Any CPU.ActiveCfg = Release|Any CPU
		{B03A5803-B0D7-43C3-A0EF-0FF174B528C4}.Release|Any CPU.Build.0 = Release|Any CPU
		{68E1AEE6-2879-403C-AEC2-A50A83A7C3BE}.Debug|Any CPU.ActiveCfg = Debug|Any CPU
		{68E1AEE6-2879-403C-AEC2-A50A83A7C3BE}.Debug|Any CPU.Build.0 = Debug|Any CPU
		{68E1AEE6-2879-403C-AEC2-A50A83A7C3BE}.Release|Any CPU.ActiveCfg = Release|Any CPU
		{68E1AEE6-2879-403C-AEC2-A50A83A7C3BE}.Release|Any CPU.Build.0 = Release|Any CPU
		{2B11B706-A23A-45C2-AD88-145C7B10532D}.Debug|Any CPU.ActiveCfg = Debug|Any CPU
		{2B11B706-A23A-45C2-AD88-145C7B10532D}.Debug|Any CPU.Build.0 = Debug|Any CPU
		{2B11B706-A23A-45C2-AD88-145C7B10532D}.Release|Any CPU.ActiveCfg = Release|Any CPU
		{2B11B706-A23A-45C2-AD88-145C7B10532D}.Release|Any CPU.Build.0 = Release|Any CPU
		{9DBEDBDC-AA2B-4E2F-8D85-DB602C1CFFF5}.Debug|Any CPU.ActiveCfg = Debug|Any CPU
		{9DBEDBDC-AA2B-4E2F-8D85-DB602C1CFFF5}.Debug|Any CPU.Build.0 = Debug|Any CPU
		{9DBEDBDC-AA2B-4E2F-8D85-DB602C1CFFF5}.Release|Any CPU.ActiveCfg = Release|Any CPU
		{9DBEDBDC-AA2B-4E2F-8D85-DB602C1CFFF5}.Release|Any CPU.Build.0 = Release|Any CPU
		{03E6E2BE-04F5-40A7-80CD-1FCCD3155FC0}.Debug|Any CPU.ActiveCfg = Debug|Any CPU
		{03E6E2BE-04F5-40A7-80CD-1FCCD3155FC0}.Debug|Any CPU.Build.0 = Debug|Any CPU
		{03E6E2BE-04F5-40A7-80CD-1FCCD3155FC0}.Release|Any CPU.ActiveCfg = Release|Any CPU
		{03E6E2BE-04F5-40A7-80CD-1FCCD3155FC0}.Release|Any CPU.Build.0 = Release|Any CPU
		{91D2E315-0DA0-40F2-BAC0-3E4DC73D8D59}.Debug|Any CPU.ActiveCfg = Debug|Any CPU
		{91D2E315-0DA0-40F2-BAC0-3E4DC73D8D59}.Debug|Any CPU.Build.0 = Debug|Any CPU
		{91D2E315-0DA0-40F2-BAC0-3E4DC73D8D59}.Release|Any CPU.ActiveCfg = Release|Any CPU
		{91D2E315-0DA0-40F2-BAC0-3E4DC73D8D59}.Release|Any CPU.Build.0 = Release|Any CPU
		{B45D8ED1-3585-4312-BF30-1A90AB3D6F02}.Debug|Any CPU.ActiveCfg = Debug|Any CPU
		{B45D8ED1-3585-4312-BF30-1A90AB3D6F02}.Debug|Any CPU.Build.0 = Debug|Any CPU
		{B45D8ED1-3585-4312-BF30-1A90AB3D6F02}.Release|Any CPU.ActiveCfg = Release|Any CPU
		{B45D8ED1-3585-4312-BF30-1A90AB3D6F02}.Release|Any CPU.Build.0 = Release|Any CPU
		{63E13663-0C13-48B2-96FF-0CA2E24F78A4}.Debug|Any CPU.ActiveCfg = Debug|Any CPU
		{63E13663-0C13-48B2-96FF-0CA2E24F78A4}.Debug|Any CPU.Build.0 = Debug|Any CPU
		{63E13663-0C13-48B2-96FF-0CA2E24F78A4}.Release|Any CPU.ActiveCfg = Release|Any CPU
		{63E13663-0C13-48B2-96FF-0CA2E24F78A4}.Release|Any CPU.Build.0 = Release|Any CPU
		{9DF07854-F9AF-4D17-B647-5E27432B1CCB}.Debug|Any CPU.ActiveCfg = Debug|Any CPU
		{9DF07854-F9AF-4D17-B647-5E27432B1CCB}.Debug|Any CPU.Build.0 = Debug|Any CPU
		{9DF07854-F9AF-4D17-B647-5E27432B1CCB}.Release|Any CPU.ActiveCfg = Release|Any CPU
		{9DF07854-F9AF-4D17-B647-5E27432B1CCB}.Release|Any CPU.Build.0 = Release|Any CPU
		{77AEFBB3-3CC0-4C3F-BF3E-33A72A6CE0FA}.Debug|Any CPU.ActiveCfg = Debug|Any CPU
		{77AEFBB3-3CC0-4C3F-BF3E-33A72A6CE0FA}.Debug|Any CPU.Build.0 = Debug|Any CPU
		{77AEFBB3-3CC0-4C3F-BF3E-33A72A6CE0FA}.Release|Any CPU.ActiveCfg = Release|Any CPU
		{77AEFBB3-3CC0-4C3F-BF3E-33A72A6CE0FA}.Release|Any CPU.Build.0 = Release|Any CPU
		{3C96CF18-4E5E-4214-A7C8-48D1AAB23B84}.Debug|Any CPU.ActiveCfg = Debug|Any CPU
		{3C96CF18-4E5E-4214-A7C8-48D1AAB23B84}.Debug|Any CPU.Build.0 = Debug|Any CPU
		{3C96CF18-4E5E-4214-A7C8-48D1AAB23B84}.Release|Any CPU.ActiveCfg = Release|Any CPU
		{3C96CF18-4E5E-4214-A7C8-48D1AAB23B84}.Release|Any CPU.Build.0 = Release|Any CPU
		{A5D409F3-62AF-4867-8C60-CA1B4C259130}.Debug|Any CPU.ActiveCfg = Debug|Any CPU
		{A5D409F3-62AF-4867-8C60-CA1B4C259130}.Debug|Any CPU.Build.0 = Debug|Any CPU
		{A5D409F3-62AF-4867-8C60-CA1B4C259130}.Release|Any CPU.ActiveCfg = Release|Any CPU
		{A5D409F3-62AF-4867-8C60-CA1B4C259130}.Release|Any CPU.Build.0 = Release|Any CPU
		{94A5E911-667E-4FDE-A992-775C058BF19E}.Debug|Any CPU.ActiveCfg = Debug|Any CPU
		{94A5E911-667E-4FDE-A992-775C058BF19E}.Debug|Any CPU.Build.0 = Debug|Any CPU
		{94A5E911-667E-4FDE-A992-775C058BF19E}.Release|Any CPU.ActiveCfg = Release|Any CPU
		{94A5E911-667E-4FDE-A992-775C058BF19E}.Release|Any CPU.Build.0 = Release|Any CPU
		{F4ED06FA-AB94-43AD-943B-303F8E1908DE}.Debug|Any CPU.ActiveCfg = Debug|Any CPU
		{F4ED06FA-AB94-43AD-943B-303F8E1908DE}.Debug|Any CPU.Build.0 = Debug|Any CPU
		{F4ED06FA-AB94-43AD-943B-303F8E1908DE}.Release|Any CPU.ActiveCfg = Release|Any CPU
		{F4ED06FA-AB94-43AD-943B-303F8E1908DE}.Release|Any CPU.Build.0 = Release|Any CPU
		{EB6960AA-F80B-4832-B0BA-8F5E4CD639B7}.Debug|Any CPU.ActiveCfg = Debug|Any CPU
		{EB6960AA-F80B-4832-B0BA-8F5E4CD639B7}.Debug|Any CPU.Build.0 = Debug|Any CPU
		{EB6960AA-F80B-4832-B0BA-8F5E4CD639B7}.Release|Any CPU.ActiveCfg = Release|Any CPU
		{EB6960AA-F80B-4832-B0BA-8F5E4CD639B7}.Release|Any CPU.Build.0 = Release|Any CPU
		{040AC7B4-A5AE-4CF5-A19F-BFAE900F6B7A}.Debug|Any CPU.ActiveCfg = Debug|Any CPU
		{040AC7B4-A5AE-4CF5-A19F-BFAE900F6B7A}.Debug|Any CPU.Build.0 = Debug|Any CPU
		{040AC7B4-A5AE-4CF5-A19F-BFAE900F6B7A}.Release|Any CPU.ActiveCfg = Release|Any CPU
		{040AC7B4-A5AE-4CF5-A19F-BFAE900F6B7A}.Release|Any CPU.Build.0 = Release|Any CPU
		{9BF99406-D88A-440D-A4D5-6E939E618F3E}.Debug|Any CPU.ActiveCfg = Debug|Any CPU
		{9BF99406-D88A-440D-A4D5-6E939E618F3E}.Debug|Any CPU.Build.0 = Debug|Any CPU
		{9BF99406-D88A-440D-A4D5-6E939E618F3E}.Release|Any CPU.ActiveCfg = Release|Any CPU
		{9BF99406-D88A-440D-A4D5-6E939E618F3E}.Release|Any CPU.Build.0 = Release|Any CPU
		{4B569BF3-C7F2-416E-B27C-9CDE2872BBB6}.Debug|Any CPU.ActiveCfg = Debug|Any CPU
		{4B569BF3-C7F2-416E-B27C-9CDE2872BBB6}.Debug|Any CPU.Build.0 = Debug|Any CPU
		{4B569BF3-C7F2-416E-B27C-9CDE2872BBB6}.Release|Any CPU.ActiveCfg = Release|Any CPU
		{4B569BF3-C7F2-416E-B27C-9CDE2872BBB6}.Release|Any CPU.Build.0 = Release|Any CPU
		{5BEC1EE2-10AD-4476-997E-8761F6A6F59A}.Debug|Any CPU.ActiveCfg = Debug|Any CPU
		{5BEC1EE2-10AD-4476-997E-8761F6A6F59A}.Debug|Any CPU.Build.0 = Debug|Any CPU
		{5BEC1EE2-10AD-4476-997E-8761F6A6F59A}.Release|Any CPU.ActiveCfg = Release|Any CPU
		{5BEC1EE2-10AD-4476-997E-8761F6A6F59A}.Release|Any CPU.Build.0 = Release|Any CPU
		{D8470146-6B63-4607-AFD7-C12C3A019AFE}.Debug|Any CPU.ActiveCfg = Debug|Any CPU
		{D8470146-6B63-4607-AFD7-C12C3A019AFE}.Debug|Any CPU.Build.0 = Debug|Any CPU
		{D8470146-6B63-4607-AFD7-C12C3A019AFE}.Release|Any CPU.ActiveCfg = Release|Any CPU
		{D8470146-6B63-4607-AFD7-C12C3A019AFE}.Release|Any CPU.Build.0 = Release|Any CPU
		{7EC11A69-E146-4BCB-853C-6D95DB4C1C17}.Debug|Any CPU.ActiveCfg = Debug|Any CPU
		{7EC11A69-E146-4BCB-853C-6D95DB4C1C17}.Debug|Any CPU.Build.0 = Debug|Any CPU
		{7EC11A69-E146-4BCB-853C-6D95DB4C1C17}.Release|Any CPU.ActiveCfg = Release|Any CPU
		{7EC11A69-E146-4BCB-853C-6D95DB4C1C17}.Release|Any CPU.Build.0 = Release|Any CPU
		{E55A2E8D-6DD5-48BE-85F9-42AD8722E95E}.Debug|Any CPU.ActiveCfg = Debug|Any CPU
		{E55A2E8D-6DD5-48BE-85F9-42AD8722E95E}.Debug|Any CPU.Build.0 = Debug|Any CPU
		{E55A2E8D-6DD5-48BE-85F9-42AD8722E95E}.Release|Any CPU.ActiveCfg = Release|Any CPU
		{E55A2E8D-6DD5-48BE-85F9-42AD8722E95E}.Release|Any CPU.Build.0 = Release|Any CPU
	EndGlobalSection
	GlobalSection(SolutionProperties) = preSolution
		HideSolutionNode = FALSE
	EndGlobalSection
	GlobalSection(ExtensibilityGlobals) = postSolution
		SolutionGuid = {F259D160-B4D0-4BDA-A057-FD980C6BFB67}
	EndGlobalSection
EndGlobal
