
Microsoft Visual Studio Solution File, Format Version 12.00
# Visual Studio Version 16
VisualStudioVersion = 16.0.29503.13
MinimumVisualStudioVersion = 10.0.40219.1
Project("{2150E333-8FDC-42A3-9474-1A3956D46DE8}") = "Solution Items", "Solution Items", "{58B13032-CDC9-479F-BC75-8B8AA30C0795}"
	ProjectSection(SolutionItems) = preProject
		.editorconfig = .editorconfig
		build.cake = build.cake
		LICENSE = LICENSE
		README.md = README.md
	EndProjectSection
EndProject
Project("{9A19103F-16F7-4668-BE54-9A1E7A4F7556}") = "Common", "Common\Common.csproj", "{A9326462-E8CB-4E2C-95E8-F4AA04A065F3}"
EndProject
Project("{9A19103F-16F7-4668-BE54-9A1E7A4F7556}") = "Common.Tests", "Common.Tests\Common.Tests.csproj", "{3C96CF18-4E5E-4214-A7C8-48D1AAB23B84}"
EndProject
Project("{9A19103F-16F7-4668-BE54-9A1E7A4F7556}") = "AoC", "AoC\AoC.csproj", "{65948C68-4AE8-4C90-BFE5-A558359F5C60}"
EndProject
Project("{9A19103F-16F7-4668-BE54-9A1E7A4F7556}") = "AoC.Tests", "AoC.Tests\AoC.Tests.csproj", "{DCDEA757-AD11-471E-93E7-D1B512754336}"
EndProject
Project("{9A19103F-16F7-4668-BE54-9A1E7A4F7556}") = "IntCodeBreakout", "IntCodeBreakout\IntCodeBreakout.csproj", "{5886F72E-8836-4EA3-94BB-D85D6875BB44}"
EndProject
Global
	GlobalSection(SolutionConfigurationPlatforms) = preSolution
		Debug|Any CPU = Debug|Any CPU
		Release|Any CPU = Release|Any CPU
	EndGlobalSection
	GlobalSection(ProjectConfigurationPlatforms) = postSolution
		{A9326462-E8CB-4E2C-95E8-F4AA04A065F3}.Debug|Any CPU.ActiveCfg = Debug|Any CPU
		{A9326462-E8CB-4E2C-95E8-F4AA04A065F3}.Debug|Any CPU.Build.0 = Debug|Any CPU
		{A9326462-E8CB-4E2C-95E8-F4AA04A065F3}.Release|Any CPU.ActiveCfg = Release|Any CPU
		{A9326462-E8CB-4E2C-95E8-F4AA04A065F3}.Release|Any CPU.Build.0 = Release|Any CPU
		{3C96CF18-4E5E-4214-A7C8-48D1AAB23B84}.Debug|Any CPU.ActiveCfg = Debug|Any CPU
		{3C96CF18-4E5E-4214-A7C8-48D1AAB23B84}.Debug|Any CPU.Build.0 = Debug|Any CPU
		{3C96CF18-4E5E-4214-A7C8-48D1AAB23B84}.Release|Any CPU.ActiveCfg = Release|Any CPU
		{3C96CF18-4E5E-4214-A7C8-48D1AAB23B84}.Release|Any CPU.Build.0 = Release|Any CPU
		{65948C68-4AE8-4C90-BFE5-A558359F5C60}.Debug|Any CPU.ActiveCfg = Debug|Any CPU
		{65948C68-4AE8-4C90-BFE5-A558359F5C60}.Debug|Any CPU.Build.0 = Debug|Any CPU
		{65948C68-4AE8-4C90-BFE5-A558359F5C60}.Release|Any CPU.ActiveCfg = Release|Any CPU
		{65948C68-4AE8-4C90-BFE5-A558359F5C60}.Release|Any CPU.Build.0 = Release|Any CPU
		{DCDEA757-AD11-471E-93E7-D1B512754336}.Debug|Any CPU.ActiveCfg = Debug|Any CPU
		{DCDEA757-AD11-471E-93E7-D1B512754336}.Debug|Any CPU.Build.0 = Debug|Any CPU
		{DCDEA757-AD11-471E-93E7-D1B512754336}.Release|Any CPU.ActiveCfg = Release|Any CPU
		{DCDEA757-AD11-471E-93E7-D1B512754336}.Release|Any CPU.Build.0 = Release|Any CPU
		{5886F72E-8836-4EA3-94BB-D85D6875BB44}.Debug|Any CPU.ActiveCfg = Debug|Any CPU
		{5886F72E-8836-4EA3-94BB-D85D6875BB44}.Debug|Any CPU.Build.0 = Debug|Any CPU
		{5886F72E-8836-4EA3-94BB-D85D6875BB44}.Release|Any CPU.ActiveCfg = Release|Any CPU
		{5886F72E-8836-4EA3-94BB-D85D6875BB44}.Release|Any CPU.Build.0 = Release|Any CPU
	EndGlobalSection
	GlobalSection(SolutionProperties) = preSolution
		HideSolutionNode = FALSE
	EndGlobalSection
	GlobalSection(ExtensibilityGlobals) = postSolution
		SolutionGuid = {F259D160-B4D0-4BDA-A057-FD980C6BFB67}
	EndGlobalSection
EndGlobal
